
Microsoft Visual Studio Solution File, Format Version 12.00
# Visual Studio Version 16
VisualStudioVersion = 16.0.29519.181
MinimumVisualStudioVersion = 10.0.40219.1
Project("{FAE04EC0-301F-11D3-BF4B-00C04F79EFBC}") = "Вычисление_Величин_5вариант", "Вычисление_Величин_5вариант.csproj", "{AF7C3C4A-289F-4D60-9E3A-00153EB94E3C}"
EndProject
Global
	GlobalSection(SolutionConfigurationPlatforms) = preSolution
		Debug|Any CPU = Debug|Any CPU
		Release|Any CPU = Release|Any CPU
	EndGlobalSection
	GlobalSection(ProjectConfigurationPlatforms) = postSolution
		{AF7C3C4A-289F-4D60-9E3A-00153EB94E3C}.Debug|Any CPU.ActiveCfg = Debug|Any CPU
		{AF7C3C4A-289F-4D60-9E3A-00153EB94E3C}.Debug|Any CPU.Build.0 = Debug|Any CPU
		{AF7C3C4A-289F-4D60-9E3A-00153EB94E3C}.Release|Any CPU.ActiveCfg = Release|Any CPU
		{AF7C3C4A-289F-4D60-9E3A-00153EB94E3C}.Release|Any CPU.Build.0 = Release|Any CPU
	EndGlobalSection
	GlobalSection(SolutionProperties) = preSolution
		HideSolutionNode = FALSE
	EndGlobalSection
	GlobalSection(ExtensibilityGlobals) = postSolution
		SolutionGuid = {83F1008D-932F-463B-BDB3-CA82C7FCCD70}
	EndGlobalSection
EndGlobal
