
Microsoft Visual Studio Solution File, Format Version 12.00
# Visual Studio Express 2012 for Windows Desktop
Project("{FAE04EC0-301F-11D3-BF4B-00C04F79EFBC}") = "Homework_4_11_If_Number_1", "Homework_4_11_If_Number_1\Homework_4_11_If_Number_1.csproj", "{D9B683D0-351A-4688-A0F6-AECC1799C9D1}"
EndProject
Global
	GlobalSection(SolutionConfigurationPlatforms) = preSolution
		Debug|Any CPU = Debug|Any CPU
		Release|Any CPU = Release|Any CPU
	EndGlobalSection
	GlobalSection(ProjectConfigurationPlatforms) = postSolution
		{D9B683D0-351A-4688-A0F6-AECC1799C9D1}.Debug|Any CPU.ActiveCfg = Debug|Any CPU
		{D9B683D0-351A-4688-A0F6-AECC1799C9D1}.Debug|Any CPU.Build.0 = Debug|Any CPU
		{D9B683D0-351A-4688-A0F6-AECC1799C9D1}.Release|Any CPU.ActiveCfg = Release|Any CPU
		{D9B683D0-351A-4688-A0F6-AECC1799C9D1}.Release|Any CPU.Build.0 = Release|Any CPU
	EndGlobalSection
	GlobalSection(SolutionProperties) = preSolution
		HideSolutionNode = FALSE
	EndGlobalSection
EndGlobal
