
Microsoft Visual Studio Solution File, Format Version 12.00
# Visual Studio Version 16
VisualStudioVersion = 16.0.29519.181
MinimumVisualStudioVersion = 10.0.40219.1
Project("{FAE04EC0-301F-11D3-BF4B-00C04F79EFBC}") = "ОператорыЦикла2", "ОператорыЦикла2.csproj", "{F5E78963-EFE1-4A7D-9B86-7A5385DC2837}"
EndProject
Global
	GlobalSection(SolutionConfigurationPlatforms) = preSolution
		Debug|Any CPU = Debug|Any CPU
		Release|Any CPU = Release|Any CPU
	EndGlobalSection
	GlobalSection(ProjectConfigurationPlatforms) = postSolution
		{F5E78963-EFE1-4A7D-9B86-7A5385DC2837}.Debug|Any CPU.ActiveCfg = Debug|Any CPU
		{F5E78963-EFE1-4A7D-9B86-7A5385DC2837}.Debug|Any CPU.Build.0 = Debug|Any CPU
		{F5E78963-EFE1-4A7D-9B86-7A5385DC2837}.Release|Any CPU.ActiveCfg = Release|Any CPU
		{F5E78963-EFE1-4A7D-9B86-7A5385DC2837}.Release|Any CPU.Build.0 = Release|Any CPU
	EndGlobalSection
	GlobalSection(SolutionProperties) = preSolution
		HideSolutionNode = FALSE
	EndGlobalSection
	GlobalSection(ExtensibilityGlobals) = postSolution
		SolutionGuid = {BE2F35AD-A2D3-4F79-BBDE-58414A5377AF}
	EndGlobalSection
EndGlobal
